
Microsoft Visual Studio Solution File, Format Version 11.00
# Visual Studio 2010
Project("{FAE04EC0-301F-11D3-BF4B-00C04F79EFBC}") = "Assembly-CSharp", "Assembly-CSharp.csproj", "{eaf9bce2-6034-28ed-c11d-448b93bb8a66}"
EndProject
Project("{FAE04EC0-301F-11D3-BF4B-00C04F79EFBC}") = "Assembly-CSharp-Editor", "Assembly-CSharp-Editor.csproj", "{f9bb0fbe-a2de-8a7a-552b-0a61e50061e6}"
EndProject
Global
	GlobalSection(SolutionConfigurationPlatforms) = preSolution
		Debug|Any CPU = Debug|Any CPU
	EndGlobalSection
	GlobalSection(ProjectConfigurationPlatforms) = postSolution
		{eaf9bce2-6034-28ed-c11d-448b93bb8a66}.Debug|Any CPU.ActiveCfg = Debug|Any CPU
		{eaf9bce2-6034-28ed-c11d-448b93bb8a66}.Debug|Any CPU.Build.0 = Debug|Any CPU
		{f9bb0fbe-a2de-8a7a-552b-0a61e50061e6}.Debug|Any CPU.ActiveCfg = Debug|Any CPU
		{f9bb0fbe-a2de-8a7a-552b-0a61e50061e6}.Debug|Any CPU.Build.0 = Debug|Any CPU
	EndGlobalSection
	GlobalSection(SolutionProperties) = preSolution
		HideSolutionNode = FALSE
	EndGlobalSection
EndGlobal
